
Microsoft Visual Studio Solution File, Format Version 12.00
# Visual Studio Version 17
VisualStudioVersion = 17.0.32112.339
MinimumVisualStudioVersion = 10.0.40219.1
Project("{FAE04EC0-301F-11D3-BF4B-00C04F79EFBC}") = "TestProject.FigureCalculating", "TestProject.FigureCalculating\TestProject.FigureCalculating.csproj", "{A1084564-F381-4CEA-BC96-8E737189F6F4}"
EndProject
Project("{FAE04EC0-301F-11D3-BF4B-00C04F79EFBC}") = "TestProject.Tests", "TestProject.Tests\TestProject.Tests.csproj", "{B91638AC-35F3-40B8-98B4-F83CD50AF4AE}"
EndProject
Global
	GlobalSection(SolutionConfigurationPlatforms) = preSolution
		Debug|Any CPU = Debug|Any CPU
		Release|Any CPU = Release|Any CPU
	EndGlobalSection
	GlobalSection(ProjectConfigurationPlatforms) = postSolution
		{A1084564-F381-4CEA-BC96-8E737189F6F4}.Debug|Any CPU.ActiveCfg = Debug|Any CPU
		{A1084564-F381-4CEA-BC96-8E737189F6F4}.Debug|Any CPU.Build.0 = Debug|Any CPU
		{A1084564-F381-4CEA-BC96-8E737189F6F4}.Release|Any CPU.ActiveCfg = Release|Any CPU
		{A1084564-F381-4CEA-BC96-8E737189F6F4}.Release|Any CPU.Build.0 = Release|Any CPU
		{B91638AC-35F3-40B8-98B4-F83CD50AF4AE}.Debug|Any CPU.ActiveCfg = Debug|Any CPU
		{B91638AC-35F3-40B8-98B4-F83CD50AF4AE}.Debug|Any CPU.Build.0 = Debug|Any CPU
		{B91638AC-35F3-40B8-98B4-F83CD50AF4AE}.Release|Any CPU.ActiveCfg = Release|Any CPU
		{B91638AC-35F3-40B8-98B4-F83CD50AF4AE}.Release|Any CPU.Build.0 = Release|Any CPU
	EndGlobalSection
	GlobalSection(SolutionProperties) = preSolution
		HideSolutionNode = FALSE
	EndGlobalSection
	GlobalSection(ExtensibilityGlobals) = postSolution
		SolutionGuid = {923664FE-E801-4C1D-A378-93D70EFB7364}
	EndGlobalSection
EndGlobal
